
Microsoft Visual Studio Solution File, Format Version 12.00
# Visual Studio Version 16
VisualStudioVersion = 25.0.1704.0
MinimumVisualStudioVersion = 10.0.40219.1
Project("{FAE04EC0-301F-11D3-BF4B-00C04F79EFBC}") = "API", "API\API.csproj", "{7DBDFA74-39E8-4967-8222-5DBF1D6A52CB}"
EndProject
Project("{FAE04EC0-301F-11D3-BF4B-00C04F79EFBC}") = "WebApp", "WebApp\WebApp.csproj", "{9898CF2B-7C4C-4B2E-9D61-2674B1CA4C67}"
EndProject
Global
	GlobalSection(SolutionConfigurationPlatforms) = preSolution
		Debug|Any CPU = Debug|Any CPU
		Release|Any CPU = Release|Any CPU
	EndGlobalSection
	GlobalSection(ProjectConfigurationPlatforms) = postSolution
		{7DBDFA74-39E8-4967-8222-5DBF1D6A52CB}.Debug|Any CPU.ActiveCfg = Debug|Any CPU
		{7DBDFA74-39E8-4967-8222-5DBF1D6A52CB}.Debug|Any CPU.Build.0 = Debug|Any CPU
		{7DBDFA74-39E8-4967-8222-5DBF1D6A52CB}.Release|Any CPU.ActiveCfg = Release|Any CPU
		{7DBDFA74-39E8-4967-8222-5DBF1D6A52CB}.Release|Any CPU.Build.0 = Release|Any CPU
		{9898CF2B-7C4C-4B2E-9D61-2674B1CA4C67}.Debug|Any CPU.ActiveCfg = Debug|Any CPU
		{9898CF2B-7C4C-4B2E-9D61-2674B1CA4C67}.Debug|Any CPU.Build.0 = Debug|Any CPU
		{9898CF2B-7C4C-4B2E-9D61-2674B1CA4C67}.Release|Any CPU.ActiveCfg = Release|Any CPU
		{9898CF2B-7C4C-4B2E-9D61-2674B1CA4C67}.Release|Any CPU.Build.0 = Release|Any CPU
	EndGlobalSection
	GlobalSection(SolutionProperties) = preSolution
		HideSolutionNode = FALSE
	EndGlobalSection
	GlobalSection(ExtensibilityGlobals) = postSolution
		SolutionGuid = {2EF02DB4-7391-4F00-BCCB-548DF2419DFE}
	EndGlobalSection
EndGlobal
